
Microsoft Visual Studio Solution File, Format Version 12.00
# Visual Studio Version 16
VisualStudioVersion = 16.0.32228.343
MinimumVisualStudioVersion = 10.0.40219.1
Project("{FAE04EC0-301F-11D3-BF4B-00C04F79EFBC}") = "16mart", "16mart\16mart.csproj", "{8DC4E47C-D40E-450A-B344-3C6B63A09D7E}"
EndProject
Global
	GlobalSection(SolutionConfigurationPlatforms) = preSolution
		Debug|Any CPU = Debug|Any CPU
		Release|Any CPU = Release|Any CPU
	EndGlobalSection
	GlobalSection(ProjectConfigurationPlatforms) = postSolution
		{8DC4E47C-D40E-450A-B344-3C6B63A09D7E}.Debug|Any CPU.ActiveCfg = Debug|Any CPU
		{8DC4E47C-D40E-450A-B344-3C6B63A09D7E}.Debug|Any CPU.Build.0 = Debug|Any CPU
		{8DC4E47C-D40E-450A-B344-3C6B63A09D7E}.Release|Any CPU.ActiveCfg = Release|Any CPU
		{8DC4E47C-D40E-450A-B344-3C6B63A09D7E}.Release|Any CPU.Build.0 = Release|Any CPU
	EndGlobalSection
	GlobalSection(SolutionProperties) = preSolution
		HideSolutionNode = FALSE
	EndGlobalSection
	GlobalSection(ExtensibilityGlobals) = postSolution
		SolutionGuid = {06A1A6AA-DF57-47BE-A4D8-7C794BFBFD3E}
	EndGlobalSection
EndGlobal
